
Microsoft Visual Studio Solution File, Format Version 12.00
# Visual Studio Version 16
VisualStudioVersion = 16.0.29613.14
MinimumVisualStudioVersion = 10.0.40219.1
Project("{FAE04EC0-301F-11D3-BF4B-00C04F79EFBC}") = "BigBountyRecon", "BigBountyRecon.csproj", "{F5A49210-3E5A-4DBA-BD1F-6E26E6546574}"
EndProject
Global
	GlobalSection(SolutionConfigurationPlatforms) = preSolution
		Debug|Any CPU = Debug|Any CPU
		Release|Any CPU = Release|Any CPU
	EndGlobalSection
	GlobalSection(ProjectConfigurationPlatforms) = postSolution
		{F5A49210-3E5A-4DBA-BD1F-6E26E6546574}.Debug|Any CPU.ActiveCfg = Debug|Any CPU
		{F5A49210-3E5A-4DBA-BD1F-6E26E6546574}.Debug|Any CPU.Build.0 = Debug|Any CPU
		{F5A49210-3E5A-4DBA-BD1F-6E26E6546574}.Release|Any CPU.ActiveCfg = Release|Any CPU
		{F5A49210-3E5A-4DBA-BD1F-6E26E6546574}.Release|Any CPU.Build.0 = Release|Any CPU
	EndGlobalSection
	GlobalSection(SolutionProperties) = preSolution
		HideSolutionNode = FALSE
	EndGlobalSection
	GlobalSection(ExtensibilityGlobals) = postSolution
		SolutionGuid = {1AAEA5BB-182E-418D-87B7-AC028D13AF84}
	EndGlobalSection
EndGlobal
